
Microsoft Visual Studio Solution File, Format Version 12.00
# Visual Studio 14
VisualStudioVersion = 14.0.22310.1
MinimumVisualStudioVersion = 10.0.40219.1
Project("{2150E333-8FDC-42A3-9474-1A3956D46DE8}") = "Engine", "Engine", "{5BF9D7A1-BCF0-4AF2-8459-6AC0221A29A8}"
EndProject
Project("{2150E333-8FDC-42A3-9474-1A3956D46DE8}") = "Games", "Games", "{BB7C4468-375C-4390-85C9-697193370AA5}"
EndProject
Project("{8BC9CEB8-8B4A-11D0-8D11-00A0C91BC942}") = "UE4", "Intermediate\ProjectFiles\UE4.vcxproj", "{ED09E968-0070-45F1-8E6E-A25F47010462}"
EndProject
Project("{8BC9CEB8-8B4A-11D0-8D11-00A0C91BC942}") = "BuildingEscape", "Intermediate\ProjectFiles\BuildingEscape.vcxproj", "{7E859DB6-3494-4C19-8DC1-AB3971D20DBC}"
EndProject
Global
	GlobalSection(SolutionConfigurationPlatforms) = preSolution
		DebugGame Editor|Android = DebugGame Editor|Android
		DebugGame Editor|HTML5 = DebugGame Editor|HTML5
		DebugGame Editor|IOS = DebugGame Editor|IOS
		DebugGame Editor|Win32 = DebugGame Editor|Win32
		DebugGame Editor|Win64 = DebugGame Editor|Win64
		DebugGame|Android = DebugGame|Android
		DebugGame|HTML5 = DebugGame|HTML5
		DebugGame|IOS = DebugGame|IOS
		DebugGame|Win32 = DebugGame|Win32
		DebugGame|Win64 = DebugGame|Win64
		Development Editor|Android = Development Editor|Android
		Development Editor|HTML5 = Development Editor|HTML5
		Development Editor|IOS = Development Editor|IOS
		Development Editor|Win32 = Development Editor|Win32
		Development Editor|Win64 = Development Editor|Win64
		Development|Android = Development|Android
		Development|HTML5 = Development|HTML5
		Development|IOS = Development|IOS
		Development|Win32 = Development|Win32
		Development|Win64 = Development|Win64
		Shipping|Android = Shipping|Android
		Shipping|HTML5 = Shipping|HTML5
		Shipping|IOS = Shipping|IOS
		Shipping|Win32 = Shipping|Win32
		Shipping|Win64 = Shipping|Win64
	EndGlobalSection
	GlobalSection(ProjectConfigurationPlatforms) = postSolution
		{7E859DB6-3494-4C19-8DC1-AB3971D20DBC}.DebugGame Editor|Android.ActiveCfg = DebugGame_Editor|Tegra-Android
		{7E859DB6-3494-4C19-8DC1-AB3971D20DBC}.DebugGame Editor|HTML5.ActiveCfg = HTML5_DebugGame_Editor|Win32
		{7E859DB6-3494-4C19-8DC1-AB3971D20DBC}.DebugGame Editor|IOS.ActiveCfg = IOS_DebugGame_Editor|Win32
		{7E859DB6-3494-4C19-8DC1-AB3971D20DBC}.DebugGame Editor|Win32.ActiveCfg = DebugGame_Editor|Win32
		{7E859DB6-3494-4C19-8DC1-AB3971D20DBC}.DebugGame Editor|Win64.ActiveCfg = DebugGame_Editor|x64
		{7E859DB6-3494-4C19-8DC1-AB3971D20DBC}.DebugGame Editor|Win64.Build.0 = DebugGame_Editor|x64
		{7E859DB6-3494-4C19-8DC1-AB3971D20DBC}.DebugGame|Android.ActiveCfg = DebugGame_Game|Tegra-Android
		{7E859DB6-3494-4C19-8DC1-AB3971D20DBC}.DebugGame|Android.Build.0 = DebugGame_Game|Tegra-Android
		{7E859DB6-3494-4C19-8DC1-AB3971D20DBC}.DebugGame|HTML5.ActiveCfg = HTML5_DebugGame_Game|Win32
		{7E859DB6-3494-4C19-8DC1-AB3971D20DBC}.DebugGame|HTML5.Build.0 = HTML5_DebugGame_Game|Win32
		{7E859DB6-3494-4C19-8DC1-AB3971D20DBC}.DebugGame|IOS.ActiveCfg = IOS_DebugGame_Game|Win32
		{7E859DB6-3494-4C19-8DC1-AB3971D20DBC}.DebugGame|IOS.Build.0 = IOS_DebugGame_Game|Win32
		{7E859DB6-3494-4C19-8DC1-AB3971D20DBC}.DebugGame|Win32.ActiveCfg = DebugGame_Game|Win32
		{7E859DB6-3494-4C19-8DC1-AB3971D20DBC}.DebugGame|Win32.Build.0 = DebugGame_Game|Win32
		{7E859DB6-3494-4C19-8DC1-AB3971D20DBC}.DebugGame|Win64.ActiveCfg = DebugGame_Game|x64
		{7E859DB6-3494-4C19-8DC1-AB3971D20DBC}.DebugGame|Win64.Build.0 = DebugGame_Game|x64
		{7E859DB6-3494-4C19-8DC1-AB3971D20DBC}.Development Editor|Android.ActiveCfg = Development_Editor|Tegra-Android
		{7E859DB6-3494-4C19-8DC1-AB3971D20DBC}.Development Editor|HTML5.ActiveCfg = HTML5_Development_Editor|Win32
		{7E859DB6-3494-4C19-8DC1-AB3971D20DBC}.Development Editor|IOS.ActiveCfg = IOS_Development_Editor|Win32
		{7E859DB6-3494-4C19-8DC1-AB3971D20DBC}.Development Editor|Win32.ActiveCfg = Development_Editor|Win32
		{7E859DB6-3494-4C19-8DC1-AB3971D20DBC}.Development Editor|Win64.ActiveCfg = Development_Editor|x64
		{7E859DB6-3494-4C19-8DC1-AB3971D20DBC}.Development Editor|Win64.Build.0 = Development_Editor|x64
		{7E859DB6-3494-4C19-8DC1-AB3971D20DBC}.Development|Android.ActiveCfg = Development_Game|Tegra-Android
		{7E859DB6-3494-4C19-8DC1-AB3971D20DBC}.Development|Android.Build.0 = Development_Game|Tegra-Android
		{7E859DB6-3494-4C19-8DC1-AB3971D20DBC}.Development|HTML5.ActiveCfg = HTML5_Development_Game|Win32
		{7E859DB6-3494-4C19-8DC1-AB3971D20DBC}.Development|HTML5.Build.0 = HTML5_Development_Game|Win32
		{7E859DB6-3494-4C19-8DC1-AB3971D20DBC}.Development|IOS.ActiveCfg = IOS_Development_Game|Win32
		{7E859DB6-3494-4C19-8DC1-AB3971D20DBC}.Development|IOS.Build.0 = IOS_Development_Game|Win32
		{7E859DB6-3494-4C19-8DC1-AB3971D20DBC}.Development|Win32.ActiveCfg = Development_Game|Win32
		{7E859DB6-3494-4C19-8DC1-AB3971D20DBC}.Development|Win32.Build.0 = Development_Game|Win32
		{7E859DB6-3494-4C19-8DC1-AB3971D20DBC}.Development|Win64.ActiveCfg = Development_Game|x64
		{7E859DB6-3494-4C19-8DC1-AB3971D20DBC}.Development|Win64.Build.0 = Development_Game|x64
		{7E859DB6-3494-4C19-8DC1-AB3971D20DBC}.Shipping|Android.ActiveCfg = Shipping_Game|Tegra-Android
		{7E859DB6-3494-4C19-8DC1-AB3971D20DBC}.Shipping|Android.Build.0 = Shipping_Game|Tegra-Android
		{7E859DB6-3494-4C19-8DC1-AB3971D20DBC}.Shipping|HTML5.ActiveCfg = HTML5_Shipping_Game|Win32
		{7E859DB6-3494-4C19-8DC1-AB3971D20DBC}.Shipping|HTML5.Build.0 = HTML5_Shipping_Game|Win32
		{7E859DB6-3494-4C19-8DC1-AB3971D20DBC}.Shipping|IOS.ActiveCfg = IOS_Shipping_Game|Win32
		{7E859DB6-3494-4C19-8DC1-AB3971D20DBC}.Shipping|IOS.Build.0 = IOS_Shipping_Game|Win32
		{7E859DB6-3494-4C19-8DC1-AB3971D20DBC}.Shipping|Win32.ActiveCfg = Shipping_Game|Win32
		{7E859DB6-3494-4C19-8DC1-AB3971D20DBC}.Shipping|Win32.Build.0 = Shipping_Game|Win32
		{7E859DB6-3494-4C19-8DC1-AB3971D20DBC}.Shipping|Win64.ActiveCfg = Shipping_Game|x64
		{7E859DB6-3494-4C19-8DC1-AB3971D20DBC}.Shipping|Win64.Build.0 = Shipping_Game|x64
	EndGlobalSection
	GlobalSection(SolutionProperties) = preSolution
		HideSolutionNode = FALSE
	EndGlobalSection
	GlobalSection(NestedProjects) = preSolution
		{ED09E968-0070-45F1-8E6E-A25F47010462} = {5BF9D7A1-BCF0-4AF2-8459-6AC0221A29A8}
		{7E859DB6-3494-4C19-8DC1-AB3971D20DBC} = {BB7C4468-375C-4390-85C9-697193370AA5}
	EndGlobalSection
EndGlobal
